
Microsoft Visual Studio Solution File, Format Version 12.00
# Visual Studio Version 16
VisualStudioVersion = 16.0.29905.134
MinimumVisualStudioVersion = 10.0.40219.1
Project("{FAE04EC0-301F-11D3-BF4B-00C04F79EFBC}") = "marketcrash.com", "marketcrash.com.csproj", "{BEECAA39-FEA8-4892-90A8-99657A89AC1B}"
EndProject
Global
	GlobalSection(SolutionConfigurationPlatforms) = preSolution
		Debug|Any CPU = Debug|Any CPU
		Release|Any CPU = Release|Any CPU
	EndGlobalSection
	GlobalSection(ProjectConfigurationPlatforms) = postSolution
		{BEECAA39-FEA8-4892-90A8-99657A89AC1B}.Debug|Any CPU.ActiveCfg = Debug|Any CPU
		{BEECAA39-FEA8-4892-90A8-99657A89AC1B}.Debug|Any CPU.Build.0 = Debug|Any CPU
		{BEECAA39-FEA8-4892-90A8-99657A89AC1B}.Release|Any CPU.ActiveCfg = Release|Any CPU
		{BEECAA39-FEA8-4892-90A8-99657A89AC1B}.Release|Any CPU.Build.0 = Release|Any CPU
	EndGlobalSection
	GlobalSection(SolutionProperties) = preSolution
		HideSolutionNode = FALSE
	EndGlobalSection
	GlobalSection(ExtensibilityGlobals) = postSolution
		SolutionGuid = {E8E72EA0-A78F-4816-B72F-70E59DB3106B}
	EndGlobalSection
EndGlobal
